
Microsoft Visual Studio Solution File, Format Version 12.00
# Visual Studio 15
VisualStudioVersion = 15.0.26730.12
MinimumVisualStudioVersion = 10.0.40219.1
Project("{FAE04EC0-301F-11D3-BF4B-00C04F79EFBC}") = "RoslynPad", "RoslynPad\RoslynPad.csproj", "{2F7723C1-297B-416F-9A78-153156D319B9}"
EndProject
Project("{9A19103F-16F7-4668-BE54-9A1E7A4F7556}") = "RoslynPad.Roslyn", "RoslynPad.Roslyn\RoslynPad.Roslyn.csproj", "{AC9F325F-A3FF-4561-941E-49CE4736CBD0}"
EndProject
Project("{9A19103F-16F7-4668-BE54-9A1E7A4F7556}") = "RoslynPad.Common", "RoslynPad.Common\RoslynPad.Common.csproj", "{FAE8AF1B-5004-42B6-8B42-EFF1DB5B677F}"
EndProject
Project("{9A19103F-16F7-4668-BE54-9A1E7A4F7556}") = "RoslynPad.Editor.Windows", "RoslynPad.Editor.Windows\RoslynPad.Editor.Windows.csproj", "{5FC3A02C-33B5-4E32-8512-7053474D9C57}"
EndProject
Project("{FAE04EC0-301F-11D3-BF4B-00C04F79EFBC}") = "RoslynPad.Host32", "RoslynPad.Host\RoslynPad.Host32.csproj", "{CA953492-94C7-4F25-9CF2-EB70AA07A55F}"
EndProject
Project("{FAE04EC0-301F-11D3-BF4B-00C04F79EFBC}") = "RoslynPad.Host64", "RoslynPad.Host64\RoslynPad.Host64.csproj", "{4DAB681A-D6CE-4B39-8ED1-6218BB6679FD}"
EndProject
Project("{9A19103F-16F7-4668-BE54-9A1E7A4F7556}") = "RoslynPad.Hosting", "RoslynPad.Hosting\RoslynPad.Hosting.csproj", "{BBAC330F-94A5-4838-87C8-98055079626D}"
EndProject
Project("{9A19103F-16F7-4668-BE54-9A1E7A4F7556}") = "RoslynPad.Common.UI", "RoslynPad.Common.UI\RoslynPad.Common.UI.csproj", "{47C8DFA4-E7E9-4E44-86C4-B906229A25E0}"
EndProject
Project("{9A19103F-16F7-4668-BE54-9A1E7A4F7556}") = "RoslynPad.Roslyn.Windows", "RoslynPad.Roslyn.Windows\RoslynPad.Roslyn.Windows.csproj", "{075292F0-DBCD-4A01-9791-9637D396CCB8}"
EndProject
Project("{9A19103F-16F7-4668-BE54-9A1E7A4F7556}") = "RoslynPad.Roslyn.Avalonia", "RoslynPad.Roslyn.Avalonia\RoslynPad.Roslyn.Avalonia.csproj", "{284A9A91-3B8A-4D28-A14A-C9F11B8FCE71}"
EndProject
Project("{D954291E-2A0B-460D-934E-DC6B0785DB48}") = "RoslynPad.Editor.Shared", "RoslynPad.Editor.Shared\RoslynPad.Editor.Shared.shproj", "{7FB0604B-44CD-4DB1-99C5-E89EA6C20AEC}"
EndProject
Project("{9A19103F-16F7-4668-BE54-9A1E7A4F7556}") = "RoslynPad.Editor.Avalonia", "RoslynPad.Editor.Avalonia\RoslynPad.Editor.Avalonia.csproj", "{8A9BFF57-9025-4BBC-B77C-C85937528210}"
EndProject
Project("{9A19103F-16F7-4668-BE54-9A1E7A4F7556}") = "RoslynPad.NetCore", "RoslynPad.NetCore\RoslynPad.NetCore.csproj", "{5BE4635C-EAE9-4FB9-9C8D-2B3ECF74FC51}"
EndProject
Project("{9A19103F-16F7-4668-BE54-9A1E7A4F7556}") = "RoslynPad.HostNetCore", "RoslynPad.HostNetCore\RoslynPad.HostNetCore.csproj", "{DF39838A-357C-44C7-9B14-4A99EA2A8210}"
EndProject
Project("{2150E333-8FDC-42A3-9474-1A3956D46DE8}") = "Common", "Common", "{52BBDF63-C2F5-439C-AFD6-E7BAC5A868C8}"
EndProject
Project("{2150E333-8FDC-42A3-9474-1A3956D46DE8}") = "Editor", "Editor", "{09BCD791-CCF8-48DB-98E4-6B18105D2DDB}"
EndProject
Project("{2150E333-8FDC-42A3-9474-1A3956D46DE8}") = "Hosting", "Hosting", "{E219D424-5BAA-483A-BFE6-679BA2A3C9B0}"
EndProject
Project("{2150E333-8FDC-42A3-9474-1A3956D46DE8}") = "Roslyn", "Roslyn", "{33A4C07C-3BBB-4BA5-8A4E-CC22883B8ED5}"
EndProject
Global
	GlobalSection(SharedMSBuildProjectFiles) = preSolution
		RoslynPad.Editor.Shared\RoslynPad.Editor.Shared.projitems*{7fb0604b-44cd-4db1-99c5-e89ea6c20aec}*SharedItemsImports = 13
	EndGlobalSection
	GlobalSection(SolutionConfigurationPlatforms) = preSolution
		Debug|Any CPU = Debug|Any CPU
		Release|Any CPU = Release|Any CPU
	EndGlobalSection
	GlobalSection(ProjectConfigurationPlatforms) = postSolution
		{2F7723C1-297B-416F-9A78-153156D319B9}.Debug|Any CPU.ActiveCfg = Debug|Any CPU
		{2F7723C1-297B-416F-9A78-153156D319B9}.Debug|Any CPU.Build.0 = Debug|Any CPU
		{2F7723C1-297B-416F-9A78-153156D319B9}.Release|Any CPU.ActiveCfg = Release|Any CPU
		{2F7723C1-297B-416F-9A78-153156D319B9}.Release|Any CPU.Build.0 = Release|Any CPU
		{AC9F325F-A3FF-4561-941E-49CE4736CBD0}.Debug|Any CPU.ActiveCfg = Debug|Any CPU
		{AC9F325F-A3FF-4561-941E-49CE4736CBD0}.Debug|Any CPU.Build.0 = Debug|Any CPU
		{AC9F325F-A3FF-4561-941E-49CE4736CBD0}.Release|Any CPU.ActiveCfg = Release|Any CPU
		{AC9F325F-A3FF-4561-941E-49CE4736CBD0}.Release|Any CPU.Build.0 = Release|Any CPU
		{FAE8AF1B-5004-42B6-8B42-EFF1DB5B677F}.Debug|Any CPU.ActiveCfg = Debug|Any CPU
		{FAE8AF1B-5004-42B6-8B42-EFF1DB5B677F}.Debug|Any CPU.Build.0 = Debug|Any CPU
		{FAE8AF1B-5004-42B6-8B42-EFF1DB5B677F}.Release|Any CPU.ActiveCfg = Release|Any CPU
		{FAE8AF1B-5004-42B6-8B42-EFF1DB5B677F}.Release|Any CPU.Build.0 = Release|Any CPU
		{5FC3A02C-33B5-4E32-8512-7053474D9C57}.Debug|Any CPU.ActiveCfg = Debug|Any CPU
		{5FC3A02C-33B5-4E32-8512-7053474D9C57}.Debug|Any CPU.Build.0 = Debug|Any CPU
		{5FC3A02C-33B5-4E32-8512-7053474D9C57}.Release|Any CPU.ActiveCfg = Release|Any CPU
		{5FC3A02C-33B5-4E32-8512-7053474D9C57}.Release|Any CPU.Build.0 = Release|Any CPU
		{CA953492-94C7-4F25-9CF2-EB70AA07A55F}.Debug|Any CPU.ActiveCfg = Debug|Any CPU
		{CA953492-94C7-4F25-9CF2-EB70AA07A55F}.Debug|Any CPU.Build.0 = Debug|Any CPU
		{CA953492-94C7-4F25-9CF2-EB70AA07A55F}.Release|Any CPU.ActiveCfg = Release|Any CPU
		{CA953492-94C7-4F25-9CF2-EB70AA07A55F}.Release|Any CPU.Build.0 = Release|Any CPU
		{4DAB681A-D6CE-4B39-8ED1-6218BB6679FD}.Debug|Any CPU.ActiveCfg = Debug|Any CPU
		{4DAB681A-D6CE-4B39-8ED1-6218BB6679FD}.Debug|Any CPU.Build.0 = Debug|Any CPU
		{4DAB681A-D6CE-4B39-8ED1-6218BB6679FD}.Release|Any CPU.ActiveCfg = Release|Any CPU
		{4DAB681A-D6CE-4B39-8ED1-6218BB6679FD}.Release|Any CPU.Build.0 = Release|Any CPU
		{BBAC330F-94A5-4838-87C8-98055079626D}.Debug|Any CPU.ActiveCfg = Debug|Any CPU
		{BBAC330F-94A5-4838-87C8-98055079626D}.Debug|Any CPU.Build.0 = Debug|Any CPU
		{BBAC330F-94A5-4838-87C8-98055079626D}.Release|Any CPU.ActiveCfg = Release|Any CPU
		{BBAC330F-94A5-4838-87C8-98055079626D}.Release|Any CPU.Build.0 = Release|Any CPU
		{47C8DFA4-E7E9-4E44-86C4-B906229A25E0}.Debug|Any CPU.ActiveCfg = Debug|Any CPU
		{47C8DFA4-E7E9-4E44-86C4-B906229A25E0}.Debug|Any CPU.Build.0 = Debug|Any CPU
		{47C8DFA4-E7E9-4E44-86C4-B906229A25E0}.Release|Any CPU.ActiveCfg = Release|Any CPU
		{47C8DFA4-E7E9-4E44-86C4-B906229A25E0}.Release|Any CPU.Build.0 = Release|Any CPU
		{075292F0-DBCD-4A01-9791-9637D396CCB8}.Debug|Any CPU.ActiveCfg = Debug|Any CPU
		{075292F0-DBCD-4A01-9791-9637D396CCB8}.Debug|Any CPU.Build.0 = Debug|Any CPU
		{075292F0-DBCD-4A01-9791-9637D396CCB8}.Release|Any CPU.ActiveCfg = Release|Any CPU
		{075292F0-DBCD-4A01-9791-9637D396CCB8}.Release|Any CPU.Build.0 = Release|Any CPU
		{284A9A91-3B8A-4D28-A14A-C9F11B8FCE71}.Debug|Any CPU.ActiveCfg = Debug|Any CPU
		{284A9A91-3B8A-4D28-A14A-C9F11B8FCE71}.Debug|Any CPU.Build.0 = Debug|Any CPU
		{284A9A91-3B8A-4D28-A14A-C9F11B8FCE71}.Release|Any CPU.ActiveCfg = Release|Any CPU
		{284A9A91-3B8A-4D28-A14A-C9F11B8FCE71}.Release|Any CPU.Build.0 = Release|Any CPU
		{8A9BFF57-9025-4BBC-B77C-C85937528210}.Debug|Any CPU.ActiveCfg = Debug|Any CPU
		{8A9BFF57-9025-4BBC-B77C-C85937528210}.Debug|Any CPU.Build.0 = Debug|Any CPU
		{8A9BFF57-9025-4BBC-B77C-C85937528210}.Release|Any CPU.ActiveCfg = Release|Any CPU
		{8A9BFF57-9025-4BBC-B77C-C85937528210}.Release|Any CPU.Build.0 = Release|Any CPU
		{5BE4635C-EAE9-4FB9-9C8D-2B3ECF74FC51}.Debug|Any CPU.ActiveCfg = Debug|Any CPU
		{5BE4635C-EAE9-4FB9-9C8D-2B3ECF74FC51}.Debug|Any CPU.Build.0 = Debug|Any CPU
		{5BE4635C-EAE9-4FB9-9C8D-2B3ECF74FC51}.Release|Any CPU.ActiveCfg = Release|Any CPU
		{5BE4635C-EAE9-4FB9-9C8D-2B3ECF74FC51}.Release|Any CPU.Build.0 = Release|Any CPU
		{DF39838A-357C-44C7-9B14-4A99EA2A8210}.Debug|Any CPU.ActiveCfg = Debug|Any CPU
		{DF39838A-357C-44C7-9B14-4A99EA2A8210}.Debug|Any CPU.Build.0 = Debug|Any CPU
		{DF39838A-357C-44C7-9B14-4A99EA2A8210}.Release|Any CPU.ActiveCfg = Release|Any CPU
		{DF39838A-357C-44C7-9B14-4A99EA2A8210}.Release|Any CPU.Build.0 = Release|Any CPU
	EndGlobalSection
	GlobalSection(SolutionProperties) = preSolution
		HideSolutionNode = FALSE
	EndGlobalSection
	GlobalSection(NestedProjects) = preSolution
		{AC9F325F-A3FF-4561-941E-49CE4736CBD0} = {33A4C07C-3BBB-4BA5-8A4E-CC22883B8ED5}
		{FAE8AF1B-5004-42B6-8B42-EFF1DB5B677F} = {52BBDF63-C2F5-439C-AFD6-E7BAC5A868C8}
		{5FC3A02C-33B5-4E32-8512-7053474D9C57} = {09BCD791-CCF8-48DB-98E4-6B18105D2DDB}
		{CA953492-94C7-4F25-9CF2-EB70AA07A55F} = {E219D424-5BAA-483A-BFE6-679BA2A3C9B0}
		{4DAB681A-D6CE-4B39-8ED1-6218BB6679FD} = {E219D424-5BAA-483A-BFE6-679BA2A3C9B0}
		{BBAC330F-94A5-4838-87C8-98055079626D} = {E219D424-5BAA-483A-BFE6-679BA2A3C9B0}
		{47C8DFA4-E7E9-4E44-86C4-B906229A25E0} = {52BBDF63-C2F5-439C-AFD6-E7BAC5A868C8}
		{075292F0-DBCD-4A01-9791-9637D396CCB8} = {33A4C07C-3BBB-4BA5-8A4E-CC22883B8ED5}
		{284A9A91-3B8A-4D28-A14A-C9F11B8FCE71} = {33A4C07C-3BBB-4BA5-8A4E-CC22883B8ED5}
		{7FB0604B-44CD-4DB1-99C5-E89EA6C20AEC} = {09BCD791-CCF8-48DB-98E4-6B18105D2DDB}
		{8A9BFF57-9025-4BBC-B77C-C85937528210} = {09BCD791-CCF8-48DB-98E4-6B18105D2DDB}
		{DF39838A-357C-44C7-9B14-4A99EA2A8210} = {E219D424-5BAA-483A-BFE6-679BA2A3C9B0}
	EndGlobalSection
	GlobalSection(ExtensibilityGlobals) = postSolution
		SolutionGuid = {6E595517-397C-4164-83BB-D80FC9B19D36}
	EndGlobalSection
EndGlobal
